
Microsoft Visual Studio Solution File, Format Version 12.00
# Visual Studio Version 16
VisualStudioVersion = 16.0.29806.167
MinimumVisualStudioVersion = 10.0.40219.1
Project("{FAE04EC0-301F-11D3-BF4B-00C04F79EFBC}") = "GorovnikEvent", "GorovnikEvent\GorovnikEvent.csproj", "{FC84F6C8-6B17-4E5F-85DE-0818721F191F}"
EndProject
Global
	GlobalSection(SolutionConfigurationPlatforms) = preSolution
		Debug|Any CPU = Debug|Any CPU
		Release|Any CPU = Release|Any CPU
	EndGlobalSection
	GlobalSection(ProjectConfigurationPlatforms) = postSolution
		{FC84F6C8-6B17-4E5F-85DE-0818721F191F}.Debug|Any CPU.ActiveCfg = Debug|Any CPU
		{FC84F6C8-6B17-4E5F-85DE-0818721F191F}.Debug|Any CPU.Build.0 = Debug|Any CPU
		{FC84F6C8-6B17-4E5F-85DE-0818721F191F}.Release|Any CPU.ActiveCfg = Release|Any CPU
		{FC84F6C8-6B17-4E5F-85DE-0818721F191F}.Release|Any CPU.Build.0 = Release|Any CPU
	EndGlobalSection
	GlobalSection(SolutionProperties) = preSolution
		HideSolutionNode = FALSE
	EndGlobalSection
	GlobalSection(ExtensibilityGlobals) = postSolution
		SolutionGuid = {899F9801-F7C4-4EA0-A321-6E9CDF70C143}
	EndGlobalSection
EndGlobal
